// !$*UTF8*$!
{
	archiveVersion = 1;
	classes = {
	};
	objectVersion = 46;
	objects = {

/* Begin PBXBuildFile section */
		AFBDCA0D1F450F7A008AB7F5 /* AppDelegate.swift in Sources */ = {isa = PBXBuildFile; fileRef = AFBDCA0C1F450F7A008AB7F5 /* AppDelegate.swift */; };
		AFBDCA0F1F450F7A008AB7F5 /* ViewController.swift in Sources */ = {isa = PBXBuildFile; fileRef = AFBDCA0E1F450F7A008AB7F5 /* ViewController.swift */; };
		AFBDCA121F450F7A008AB7F5 /* PassKee.xcdatamodeld in Sources */ = {isa = PBXBuildFile; fileRef = AFBDCA101F450F7A008AB7F5 /* PassKee.xcdatamodeld */; };
		AFBDCA141F450F7A008AB7F5 /* Assets.xcassets in Resources */ = {isa = PBXBuildFile; fileRef = AFBDCA131F450F7A008AB7F5 /* Assets.xcassets */; };
		AFBDCA171F450F7A008AB7F5 /* Main.storyboard in Resources */ = {isa = PBXBuildFile; fileRef = AFBDCA151F450F7A008AB7F5 /* Main.storyboard */; };
		AFBDCA221F450F7A008AB7F5 /* PassKeeTests.swift in Sources */ = {isa = PBXBuildFile; fileRef = AFBDCA211F450F7A008AB7F5 /* PassKeeTests.swift */; };
		AFBDCA2D1F450F7A008AB7F5 /* PassKeeUITests.swift in Sources */ = {isa = PBXBuildFile; fileRef = AFBDCA2C1F450F7A008AB7F5 /* PassKeeUITests.swift */; };
/* End PBXBuildFile section */

/* Begin PBXContainerItemProxy section */
		AFBDCA1E1F450F7A008AB7F5 /* PBXContainerItemProxy */ = {
			isa = PBXContainerItemProxy;
			containerPortal = AFBDCA011F450F7A008AB7F5 /* Project object */;
			proxyType = 1;
			remoteGlobalIDString = AFBDCA081F450F7A008AB7F5;
			remoteInfo = PassKee;
		};
		AFBDCA291F450F7A008AB7F5 /* PBXContainerItemProxy */ = {
			isa = PBXContainerItemProxy;
			containerPortal = AFBDCA011F450F7A008AB7F5 /* Project object */;
			proxyType = 1;
			remoteGlobalIDString = AFBDCA081F450F7A008AB7F5;
			remoteInfo = PassKee;
		};
/* End PBXContainerItemProxy section */

/* Begin PBXFileReference section */
		AFBDCA091F450F7A008AB7F5 /* PassKee.app */ = {isa = PBXFileReference; explicitFileType = wrapper.application; includeInIndex = 0; path = PassKee.app; sourceTree = BUILT_PRODUCTS_DIR; };
		AFBDCA0C1F450F7A008AB7F5 /* AppDelegate.swift */ = {isa = PBXFileReference; lastKnownFileType = sourcecode.swift; path = AppDelegate.swift; sourceTree = "<group>"; };
		AFBDCA0E1F450F7A008AB7F5 /* ViewController.swift */ = {isa = PBXFileReference; lastKnownFileType = sourcecode.swift; path = ViewController.swift; sourceTree = "<group>"; };
		AFBDCA111F450F7A008AB7F5 /* PassKee.xcdatamodel */ = {isa = PBXFileReference; lastKnownFileType = wrapper.xcdatamodel; path = PassKee.xcdatamodel; sourceTree = "<group>"; };
		AFBDCA131F450F7A008AB7F5 /* Assets.xcassets */ = {isa = PBXFileReference; lastKnownFileType = folder.assetcatalog; path = Assets.xcassets; sourceTree = "<group>"; };
		AFBDCA161F450F7A008AB7F5 /* Base */ = {isa = PBXFileReference; lastKnownFileType = file.storyboard; name = Base; path = Base.lproj/Main.storyboard; sourceTree = "<group>"; };
		AFBDCA181F450F7A008AB7F5 /* Info.plist */ = {isa = PBXFileReference; lastKnownFileType = text.plist.xml; path = Info.plist; sourceTree = "<group>"; };
		AFBDCA1D1F450F7A008AB7F5 /* PassKeeTests.xctest */ = {isa = PBXFileReference; explicitFileType = wrapper.cfbundle; includeInIndex = 0; path = PassKeeTests.xctest; sourceTree = BUILT_PRODUCTS_DIR; };
		AFBDCA211F450F7A008AB7F5 /* PassKeeTests.swift */ = {isa = PBXFileReference; lastKnownFileType = sourcecode.swift; path = PassKeeTests.swift; sourceTree = "<group>"; };
		AFBDCA231F450F7A008AB7F5 /* Info.plist */ = {isa = PBXFileReference; lastKnownFileType = text.plist.xml; path = Info.plist; sourceTree = "<group>"; };
		AFBDCA281F450F7A008AB7F5 /* PassKeeUITests.xctest */ = {isa = PBXFileReference; explicitFileType = wrapper.cfbundle; includeInIndex = 0; path = PassKeeUITests.xctest; sourceTree = BUILT_PRODUCTS_DIR; };
		AFBDCA2C1F450F7A008AB7F5 /* PassKeeUITests.swift */ = {isa = PBXFileReference; lastKnownFileType = sourcecode.swift; path = PassKeeUITests.swift; sourceTree = "<group>"; };
		AFBDCA2E1F450F7A008AB7F5 /* Info.plist */ = {isa = PBXFileReference; lastKnownFileType = text.plist.xml; path = Info.plist; sourceTree = "<group>"; };
/* End PBXFileReference section */

/* Begin PBXFrameworksBuildPhase section */
		AFBDCA061F450F7A008AB7F5 /* Frameworks */ = {
			isa = PBXFrameworksBuildPhase;
			buildActionMask = 2147483647;
			files = (
			);
			runOnlyForDeploymentPostprocessing = 0;
		};
		AFBDCA1A1F450F7A008AB7F5 /* Frameworks */ = {
			isa = PBXFrameworksBuildPhase;
			buildActionMask = 2147483647;
			files = (
			);
			runOnlyForDeploymentPostprocessing = 0;
		};
		AFBDCA251F450F7A008AB7F5 /* Frameworks */ = {
			isa = PBXFrameworksBuildPhase;
			buildActionMask = 2147483647;
			files = (
			);
			runOnlyForDeploymentPostprocessing = 0;
		};
/* End PBXFrameworksBuildPhase section */

/* Begin PBXGroup section */
		AFBDCA001F450F7A008AB7F5 = {
			isa = PBXGroup;
			children = (
				AFBDCA0B1F450F7A008AB7F5 /* PassKee */,
				AFBDCA201F450F7A008AB7F5 /* PassKeeTests */,
				AFBDCA2B1F450F7A008AB7F5 /* PassKeeUITests */,
				AFBDCA0A1F450F7A008AB7F5 /* Products */,
			);
			sourceTree = "<group>";
		};
		AFBDCA0A1F450F7A008AB7F5 /* Products */ = {
			isa = PBXGroup;
			children = (
				AFBDCA091F450F7A008AB7F5 /* PassKee.app */,
				AFBDCA1D1F450F7A008AB7F5 /* PassKeeTests.xctest */,
				AFBDCA281F450F7A008AB7F5 /* PassKeeUITests.xctest */,
			);
			name = Products;
			sourceTree = "<group>";
		};
		AFBDCA0B1F450F7A008AB7F5 /* PassKee */ = {
			isa = PBXGroup;
			children = (
				AFBDCA0C1F450F7A008AB7F5 /* AppDelegate.swift */,
				AFBDCA0E1F450F7A008AB7F5 /* ViewController.swift */,
				AFBDCA131F450F7A008AB7F5 /* Assets.xcassets */,
				AFBDCA151F450F7A008AB7F5 /* Main.storyboard */,
				AFBDCA181F450F7A008AB7F5 /* Info.plist */,
				AFBDCA101F450F7A008AB7F5 /* PassKee.xcdatamodeld */,
			);
			path = PassKee;
			sourceTree = "<group>";
		};
		AFBDCA201F450F7A008AB7F5 /* PassKeeTests */ = {
			isa = PBXGroup;
			children = (
				AFBDCA211F450F7A008AB7F5 /* PassKeeTests.swift */,
				AFBDCA231F450F7A008AB7F5 /* Info.plist */,
			);
			path = PassKeeTests;
			sourceTree = "<group>";
		};
		AFBDCA2B1F450F7A008AB7F5 /* PassKeeUITests */ = {
			isa = PBXGroup;
			children = (
				AFBDCA2C1F450F7A008AB7F5 /* PassKeeUITests.swift */,
				AFBDCA2E1F450F7A008AB7F5 /* Info.plist */,
			);
			path = PassKeeUITests;
			sourceTree = "<group>";
		};
/* End PBXGroup section */

/* Begin PBXNativeTarget section */
		AFBDCA081F450F7A008AB7F5 /* PassKee */ = {
			isa = PBXNativeTarget;
			buildConfigurationList = AFBDCA311F450F7A008AB7F5 /* Build configuration list for PBXNativeTarget "PassKee" */;
			buildPhases = (
				AFBDCA051F450F7A008AB7F5 /* Sources */,
				AFBDCA061F450F7A008AB7F5 /* Frameworks */,
				AFBDCA071F450F7A008AB7F5 /* Resources */,
			);
			buildRules = (
			);
			dependencies = (
			);
			name = PassKee;
			productName = PassKee;
			productReference = AFBDCA091F450F7A008AB7F5 /* PassKee.app */;
			productType = "com.apple.product-type.application";
		};
		AFBDCA1C1F450F7A008AB7F5 /* PassKeeTests */ = {
			isa = PBXNativeTarget;
			buildConfigurationList = AFBDCA341F450F7A008AB7F5 /* Build configuration list for PBXNativeTarget "PassKeeTests" */;
			buildPhases = (
				AFBDCA191F450F7A008AB7F5 /* Sources */,
				AFBDCA1A1F450F7A008AB7F5 /* Frameworks */,
				AFBDCA1B1F450F7A008AB7F5 /* Resources */,
			);
			buildRules = (
			);
			dependencies = (
				AFBDCA1F1F450F7A008AB7F5 /* PBXTargetDependency */,
			);
			name = PassKeeTests;
			productName = PassKeeTests;
			productReference = AFBDCA1D1F450F7A008AB7F5 /* PassKeeTests.xctest */;
			productType = "com.apple.product-type.bundle.unit-test";
		};
		AFBDCA271F450F7A008AB7F5 /* PassKeeUITests */ = {
			isa = PBXNativeTarget;
			buildConfigurationList = AFBDCA371F450F7A008AB7F5 /* Build configuration list for PBXNativeTarget "PassKeeUITests" */;
			buildPhases = (
				AFBDCA241F450F7A008AB7F5 /* Sources */,
				AFBDCA251F450F7A008AB7F5 /* Frameworks */,
				AFBDCA261F450F7A008AB7F5 /* Resources */,
			);
			buildRules = (
			);
			dependencies = (
				AFBDCA2A1F450F7A008AB7F5 /* PBXTargetDependency */,
			);
			name = PassKeeUITests;
			productName = PassKeeUITests;
			productReference = AFBDCA281F450F7A008AB7F5 /* PassKeeUITests.xctest */;
			productType = "com.apple.product-type.bundle.ui-testing";
		};
/* End PBXNativeTarget section */

/* Begin PBXProject section */
		AFBDCA011F450F7A008AB7F5 /* Project object */ = {
			isa = PBXProject;
			attributes = {
				LastSwiftUpdateCheck = 0830;
				LastUpgradeCheck = 0830;
				ORGANIZATIONNAME = theros;
				TargetAttributes = {
					AFBDCA081F450F7A008AB7F5 = {
						CreatedOnToolsVersion = 8.3.3;
						DevelopmentTeam = SJ25HY3QX2;
						ProvisioningStyle = Automatic;
					};
					AFBDCA1C1F450F7A008AB7F5 = {
						CreatedOnToolsVersion = 8.3.3;
						DevelopmentTeam = SJ25HY3QX2;
						ProvisioningStyle = Automatic;
						TestTargetID = AFBDCA081F450F7A008AB7F5;
					};
					AFBDCA271F450F7A008AB7F5 = {
						CreatedOnToolsVersion = 8.3.3;
						DevelopmentTeam = SJ25HY3QX2;
						ProvisioningStyle = Automatic;
						TestTargetID = AFBDCA081F450F7A008AB7F5;
					};
				};
			};
			buildConfigurationList = AFBDCA041F450F7A008AB7F5 /* Build configuration list for PBXProject "PassKee" */;
			compatibilityVersion = "Xcode 3.2";
			developmentRegion = English;
			hasScannedForEncodings = 0;
			knownRegions = (
				en,
				Base,
			);
			mainGroup = AFBDCA001F450F7A008AB7F5;
			productRefGroup = AFBDCA0A1F450F7A008AB7F5 /* Products */;
			projectDirPath = "";
			projectRoot = "";
			targets = (
				AFBDCA081F450F7A008AB7F5 /* PassKee */,
				AFBDCA1C1F450F7A008AB7F5 /* PassKeeTests */,
				AFBDCA271F450F7A008AB7F5 /* PassKeeUITests */,
			);
		};
/* End PBXProject section */

/* Begin PBXResourcesBuildPhase section */
		AFBDCA071F450F7A008AB7F5 /* Resources */ = {
			isa = PBXResourcesBuildPhase;
			buildActionMask = 2147483647;
			files = (
				AFBDCA141F450F7A008AB7F5 /* Assets.xcassets in Resources */,
				AFBDCA171F450F7A008AB7F5 /* Main.storyboard in Resources */,
			);
			runOnlyForDeploymentPostprocessing = 0;
		};
		AFBDCA1B1F450F7A008AB7F5 /* Resources */ = {
			isa = PBXResourcesBuildPhase;
			buildActionMask = 2147483647;
			files = (
			);
			runOnlyForDeploymentPostprocessing = 0;
		};
		AFBDCA261F450F7A008AB7F5 /* Resources */ = {
			isa = PBXResourcesBuildPhase;
			buildActionMask = 2147483647;
			files = (
			);
			runOnlyForDeploymentPostprocessing = 0;
		};
/* End PBXResourcesBuildPhase section */

/* Begin PBXSourcesBuildPhase section */
		AFBDCA051F450F7A008AB7F5 /* Sources */ = {
			isa = PBXSourcesBuildPhase;
			buildActionMask = 2147483647;
			files = (
				AFBDCA0F1F450F7A008AB7F5 /* ViewController.swift in Sources */,
				AFBDCA0D1F450F7A008AB7F5 /* AppDelegate.swift in Sources */,
				AFBDCA121F450F7A008AB7F5 /* PassKee.xcdatamodeld in Sources */,
			);
			runOnlyForDeploymentPostprocessing = 0;
		};
		AFBDCA191F450F7A008AB7F5 /* Sources */ = {
			isa = PBXSourcesBuildPhase;
			buildActionMask = 2147483647;
			files = (
				AFBDCA221F450F7A008AB7F5 /* PassKeeTests.swift in Sources */,
			);
			runOnlyForDeploymentPostprocessing = 0;
		};
		AFBDCA241F450F7A008AB7F5 /* Sources */ = {
			isa = PBXSourcesBuildPhase;
			buildActionMask = 2147483647;
			files = (
				AFBDCA2D1F450F7A008AB7F5 /* PassKeeUITests.swift in Sources */,
			);
			runOnlyForDeploymentPostprocessing = 0;
		};
/* End PBXSourcesBuildPhase section */

/* Begin PBXTargetDependency section */
		AFBDCA1F1F450F7A008AB7F5 /* PBXTargetDependency */ = {
			isa = PBXTargetDependency;
			target = AFBDCA081F450F7A008AB7F5 /* PassKee */;
			targetProxy = AFBDCA1E1F450F7A008AB7F5 /* PBXContainerItemProxy */;
		};
		AFBDCA2A1F450F7A008AB7F5 /* PBXTargetDependency */ = {
			isa = PBXTargetDependency;
			target = AFBDCA081F450F7A008AB7F5 /* PassKee */;
			targetProxy = AFBDCA291F450F7A008AB7F5 /* PBXContainerItemProxy */;
		};
/* End PBXTargetDependency section */

/* Begin PBXVariantGroup section */
		AFBDCA151F450F7A008AB7F5 /* Main.storyboard */ = {
			isa = PBXVariantGroup;
			children = (
				AFBDCA161F450F7A008AB7F5 /* Base */,
			);
			name = Main.storyboard;
			sourceTree = "<group>";
		};
/* End PBXVariantGroup section */

/* Begin XCBuildConfiguration section */
		AFBDCA2F1F450F7A008AB7F5 /* Debug */ = {
			isa = XCBuildConfiguration;
			buildSettings = {
				ALWAYS_SEARCH_USER_PATHS = NO;
				CLANG_ANALYZER_NONNULL = YES;
				CLANG_ANALYZER_NUMBER_OBJECT_CONVERSION = YES_AGGRESSIVE;
				CLANG_CXX_LANGUAGE_STANDARD = "gnu++0x";
				CLANG_CXX_LIBRARY = "libc++";
				CLANG_ENABLE_MODULES = YES;
				CLANG_ENABLE_OBJC_ARC = YES;
				CLANG_WARN_BOOL_CONVERSION = YES;
				CLANG_WARN_CONSTANT_CONVERSION = YES;
				CLANG_WARN_DIRECT_OBJC_ISA_USAGE = YES_ERROR;
				CLANG_WARN_DOCUMENTATION_COMMENTS = YES;
				CLANG_WARN_EMPTY_BODY = YES;
				CLANG_WARN_ENUM_CONVERSION = YES;
				CLANG_WARN_INFINITE_RECURSION = YES;
				CLANG_WARN_INT_CONVERSION = YES;
				CLANG_WARN_OBJC_ROOT_CLASS = YES_ERROR;
				CLANG_WARN_SUSPICIOUS_MOVE = YES;
				CLANG_WARN_UNREACHABLE_CODE = YES;
				CLANG_WARN__DUPLICATE_METHOD_MATCH = YES;
				CODE_SIGN_IDENTITY = "-";
				COPY_PHASE_STRIP = NO;
				DEBUG_INFORMATION_FORMAT = dwarf;
				ENABLE_STRICT_OBJC_MSGSEND = YES;
				ENABLE_TESTABILITY = YES;
				GCC_C_LANGUAGE_STANDARD = gnu99;
				GCC_DYNAMIC_NO_PIC = NO;
				GCC_NO_COMMON_BLOCKS = YES;
				GCC_OPTIMIZATION_LEVEL = 0;
				GCC_PREPROCESSOR_DEFINITIONS = (
					"DEBUG=1",
					"$(inherited)",
				);
				GCC_WARN_64_TO_32_BIT_CONVERSION = YES;
				GCC_WARN_ABOUT_RETURN_TYPE = YES_ERROR;
				GCC_WARN_UNDECLARED_SELECTOR = YES;
				GCC_WARN_UNINITIALIZED_AUTOS = YES_AGGRESSIVE;
				GCC_WARN_UNUSED_FUNCTION = YES;
				GCC_WARN_UNUSED_VARIABLE = YES;
				MACOSX_DEPLOYMENT_TARGET = 10.12;
				MTL_ENABLE_DEBUG_INFO = YES;
				ONLY_ACTIVE_ARCH = YES;
				SDKROOT = macosx;
				SWIFT_ACTIVE_COMPILATION_CONDITIONS = DEBUG;
				SWIFT_OPTIMIZATION_LEVEL = "-Onone";
			};
			name = Debug;
		};
		AFBDCA301F450F7A008AB7F5 /* Release */ = {
			isa = XCBuildConfiguration;
			buildSettings = {
				ALWAYS_SEARCH_USER_PATHS = NO;
				CLANG_ANALYZER_NONNULL = YES;
				CLANG_ANALYZER_NUMBER_OBJECT_CONVERSION = YES_AGGRESSIVE;
				CLANG_CXX_LANGUAGE_STANDARD = "gnu++0x";
				CLANG_CXX_LIBRARY = "libc++";
				CLANG_ENABLE_MODULES = YES;
				CLANG_ENABLE_OBJC_ARC = YES;
				CLANG_WARN_BOOL_CONVERSION = YES;
				CLANG_WARN_CONSTANT_CONVERSION = YES;
				CLANG_WARN_DIRECT_OBJC_ISA_USAGE = YES_ERROR;
				CLANG_WARN_DOCUMENTATION_COMMENTS = YES;
				CLANG_WARN_EMPTY_BODY = YES;
				CLANG_WARN_ENUM_CONVERSION = YES;
				CLANG_WARN_INFINITE_RECURSION = YES;
				CLANG_WARN_INT_CONVERSION = YES;
				CLANG_WARN_OBJC_ROOT_CLASS = YES_ERROR;
				CLANG_WARN_SUSPICIOUS_MOVE = YES;
				CLANG_WARN_UNREACHABLE_CODE = YES;
				CLANG_WARN__DUPLICATE_METHOD_MATCH = YES;
				CODE_SIGN_IDENTITY = "-";
				COPY_PHASE_STRIP = NO;
				DEBUG_INFORMATION_FORMAT = "dwarf-with-dsym";
				ENABLE_NS_ASSERTIONS = NO;
				ENABLE_STRICT_OBJC_MSGSEND = YES;
				GCC_C_LANGUAGE_STANDARD = gnu99;
				GCC_NO_COMMON_BLOCKS = YES;
				GCC_WARN_64_TO_32_BIT_CONVERSION = YES;
				GCC_WARN_ABOUT_RETURN_TYPE = YES_ERROR;
				GCC_WARN_UNDECLARED_SELECTOR = YES;
				GCC_WARN_UNINITIALIZED_AUTOS = YES_AGGRESSIVE;
				GCC_WARN_UNUSED_FUNCTION = YES;
				GCC_WARN_UNUSED_VARIABLE = YES;
				MACOSX_DEPLOYMENT_TARGET = 10.12;
				MTL_ENABLE_DEBUG_INFO = NO;
				SDKROOT = macosx;
				SWIFT_OPTIMIZATION_LEVEL = "-Owholemodule";
			};
			name = Release;
		};
		AFBDCA321F450F7A008AB7F5 /* Debug */ = {
			isa = XCBuildConfiguration;
			buildSettings = {
				ASSETCATALOG_COMPILER_APPICON_NAME = AppIcon;
				COMBINE_HIDPI_IMAGES = YES;
				DEVELOPMENT_TEAM = SJ25HY3QX2;
				INFOPLIST_FILE = PassKee/Info.plist;
				LD_RUNPATH_SEARCH_PATHS = "$(inherited) @executable_path/../Frameworks";
				PRODUCT_BUNDLE_IDENTIFIER = com.theros.PassKee;
				PRODUCT_NAME = "$(TARGET_NAME)";
				SWIFT_VERSION = 3.0;
			};
			name = Debug;
		};
		AFBDCA331F450F7A008AB7F5 /* Release */ = {
			isa = XCBuildConfiguration;
			buildSettings = {
				ASSETCATALOG_COMPILER_APPICON_NAME = AppIcon;
				COMBINE_HIDPI_IMAGES = YES;
				DEVELOPMENT_TEAM = SJ25HY3QX2;
				INFOPLIST_FILE = PassKee/Info.plist;
				LD_RUNPATH_SEARCH_PATHS = "$(inherited) @executable_path/../Frameworks";
				PRODUCT_BUNDLE_IDENTIFIER = com.theros.PassKee;
				PRODUCT_NAME = "$(TARGET_NAME)";
				SWIFT_VERSION = 3.0;
			};
			name = Release;
		};
		AFBDCA351F450F7A008AB7F5 /* Debug */ = {
			isa = XCBuildConfiguration;
			buildSettings = {
				ALWAYS_EMBED_SWIFT_STANDARD_LIBRARIES = YES;
				BUNDLE_LOADER = "$(TEST_HOST)";
				COMBINE_HIDPI_IMAGES = YES;
				DEVELOPMENT_TEAM = SJ25HY3QX2;
				INFOPLIST_FILE = PassKeeTests/Info.plist;
				LD_RUNPATH_SEARCH_PATHS = "$(inherited) @executable_path/../Frameworks @loader_path/../Frameworks";
				PRODUCT_BUNDLE_IDENTIFIER = com.theros.PassKeeTests;
				PRODUCT_NAME = "$(TARGET_NAME)";
				SWIFT_VERSION = 3.0;
				TEST_HOST = "$(BUILT_PRODUCTS_DIR)/PassKee.app/Contents/MacOS/PassKee";
			};
			name = Debug;
		};
		AFBDCA361F450F7A008AB7F5 /* Release */ = {
			isa = XCBuildConfiguration;
			buildSettings = {
				ALWAYS_EMBED_SWIFT_STANDARD_LIBRARIES = YES;
				BUNDLE_LOADER = "$(TEST_HOST)";
				COMBINE_HIDPI_IMAGES = YES;
				DEVELOPMENT_TEAM = SJ25HY3QX2;
				INFOPLIST_FILE = PassKeeTests/Info.plist;
				LD_RUNPATH_SEARCH_PATHS = "$(inherited) @executable_path/../Frameworks @loader_path/../Frameworks";
				PRODUCT_BUNDLE_IDENTIFIER = com.theros.PassKeeTests;
				PRODUCT_NAME = "$(TARGET_NAME)";
				SWIFT_VERSION = 3.0;
				TEST_HOST = "$(BUILT_PRODUCTS_DIR)/PassKee.app/Contents/MacOS/PassKee";
			};
			name = Release;
		};
		AFBDCA381F450F7A008AB7F5 /* Debug */ = {
			isa = XCBuildConfiguration;
			buildSettings = {
				ALWAYS_EMBED_SWIFT_STANDARD_LIBRARIES = YES;
				COMBINE_HIDPI_IMAGES = YES;
				DEVELOPMENT_TEAM = SJ25HY3QX2;
				INFOPLIST_FILE = PassKeeUITests/Info.plist;
				LD_RUNPATH_SEARCH_PATHS = "$(inherited) @executable_path/../Frameworks @loader_path/../Frameworks";
				PRODUCT_BUNDLE_IDENTIFIER = com.theros.PassKeeUITests;
				PRODUCT_NAME = "$(TARGET_NAME)";
				SWIFT_VERSION = 3.0;
				TEST_TARGET_NAME = PassKee;
			};
			name = Debug;
		};
		AFBDCA391F450F7A008AB7F5 /* Release */ = {
			isa = XCBuildConfiguration;
			buildSettings = {
				ALWAYS_EMBED_SWIFT_STANDARD_LIBRARIES = YES;
				COMBINE_HIDPI_IMAGES = YES;
				DEVELOPMENT_TEAM = SJ25HY3QX2;
				INFOPLIST_FILE = PassKeeUITests/Info.plist;
				LD_RUNPATH_SEARCH_PATHS = "$(inherited) @executable_path/../Frameworks @loader_path/../Frameworks";
				PRODUCT_BUNDLE_IDENTIFIER = com.theros.PassKeeUITests;
				PRODUCT_NAME = "$(TARGET_NAME)";
				SWIFT_VERSION = 3.0;
				TEST_TARGET_NAME = PassKee;
			};
			name = Release;
		};
/* End XCBuildConfiguration section */

/* Begin XCConfigurationList section */
		AFBDCA041F450F7A008AB7F5 /* Build configuration list for PBXProject "PassKee" */ = {
			isa = XCConfigurationList;
			buildConfigurations = (
				AFBDCA2F1F450F7A008AB7F5 /* Debug */,
				AFBDCA301F450F7A008AB7F5 /* Release */,
			);
			defaultConfigurationIsVisible = 0;
			defaultConfigurationName = Release;
		};
		AFBDCA311F450F7A008AB7F5 /* Build configuration list for PBXNativeTarget "PassKee" */ = {
			isa = XCConfigurationList;
			buildConfigurations = (
				AFBDCA321F450F7A008AB7F5 /* Debug */,
				AFBDCA331F450F7A008AB7F5 /* Release */,
			);
			defaultConfigurationIsVisible = 0;
		};
		AFBDCA341F450F7A008AB7F5 /* Build configuration list for PBXNativeTarget "PassKeeTests" */ = {
			isa = XCConfigurationList;
			buildConfigurations = (
				AFBDCA351F450F7A008AB7F5 /* Debug */,
				AFBDCA361F450F7A008AB7F5 /* Release */,
			);
			defaultConfigurationIsVisible = 0;
		};
		AFBDCA371F450F7A008AB7F5 /* Build configuration list for PBXNativeTarget "PassKeeUITests" */ = {
			isa = XCConfigurationList;
			buildConfigurations = (
				AFBDCA381F450F7A008AB7F5 /* Debug */,
				AFBDCA391F450F7A008AB7F5 /* Release */,
			);
			defaultConfigurationIsVisible = 0;
		};
/* End XCConfigurationList section */

/* Begin XCVersionGroup section */
		AFBDCA101F450F7A008AB7F5 /* PassKee.xcdatamodeld */ = {
			isa = XCVersionGroup;
			children = (
				AFBDCA111F450F7A008AB7F5 /* PassKee.xcdatamodel */,
			);
			currentVersion = AFBDCA111F450F7A008AB7F5 /* PassKee.xcdatamodel */;
			path = PassKee.xcdatamodeld;
			sourceTree = "<group>";
			versionGroupType = wrapper.xcdatamodel;
		};
/* End XCVersionGroup section */
	};
	rootObject = AFBDCA011F450F7A008AB7F5 /* Project object */;
}
